
Microsoft Visual Studio Solution File, Format Version 12.00
# Visual Studio Version 17
VisualStudioVersion = 17.6.33723.286
MinimumVisualStudioVersion = 10.0.40219.1
Project("{FAE04EC0-301F-11D3-BF4B-00C04F79EFBC}") = "Task_2", "Task_2\Task_2.csproj", "{7AD4BE65-933D-4820-91D3-98709C7D30FD}"
EndProject
Global
	GlobalSection(SolutionConfigurationPlatforms) = preSolution
		Debug|Any CPU = Debug|Any CPU
		Release|Any CPU = Release|Any CPU
	EndGlobalSection
	GlobalSection(ProjectConfigurationPlatforms) = postSolution
		{7AD4BE65-933D-4820-91D3-98709C7D30FD}.Debug|Any CPU.ActiveCfg = Debug|Any CPU
		{7AD4BE65-933D-4820-91D3-98709C7D30FD}.Debug|Any CPU.Build.0 = Debug|Any CPU
		{7AD4BE65-933D-4820-91D3-98709C7D30FD}.Release|Any CPU.ActiveCfg = Release|Any CPU
		{7AD4BE65-933D-4820-91D3-98709C7D30FD}.Release|Any CPU.Build.0 = Release|Any CPU
	EndGlobalSection
	GlobalSection(SolutionProperties) = preSolution
		HideSolutionNode = FALSE
	EndGlobalSection
	GlobalSection(ExtensibilityGlobals) = postSolution
		SolutionGuid = {202D4C75-B391-4EE4-A0E7-AFBF4FCB9568}
	EndGlobalSection
EndGlobal
